
Microsoft Visual Studio Solution File, Format Version 12.00
Project("{FAE04EC0-301F-11D3-BF4B-00C04F79EFBC}") = "ConsoleApp1", "ConsoleApp1\ConsoleApp1.csproj", "{AC750452-45FD-4645-9F73-B5B70E10784B}"
EndProject
Global
	GlobalSection(SolutionConfigurationPlatforms) = preSolution
		Debug|Any CPU = Debug|Any CPU
		Release|Any CPU = Release|Any CPU
	EndGlobalSection
	GlobalSection(ProjectConfigurationPlatforms) = postSolution
		{AC750452-45FD-4645-9F73-B5B70E10784B}.Debug|Any CPU.ActiveCfg = Debug|Any CPU
		{AC750452-45FD-4645-9F73-B5B70E10784B}.Debug|Any CPU.Build.0 = Debug|Any CPU
		{AC750452-45FD-4645-9F73-B5B70E10784B}.Release|Any CPU.ActiveCfg = Release|Any CPU
		{AC750452-45FD-4645-9F73-B5B70E10784B}.Release|Any CPU.Build.0 = Release|Any CPU
	EndGlobalSection
EndGlobal
